
Microsoft Visual Studio Solution File, Format Version 12.00
# Visual Studio Version 17
VisualStudioVersion = 17.5.33530.505
MinimumVisualStudioVersion = 10.0.40219.1
Project("{9A19103F-16F7-4668-BE54-9A1E7A4F7556}") = "InvoicePI.DesktopUI", "InvoicePI.DesktopUI\InvoicePI.DesktopUI.csproj", "{94FDF8E0-B98F-4FAA-894D-D78B0DF1F7F1}"
EndProject
Project("{2150E333-8FDC-42A3-9474-1A3956D46DE8}") = "src", "src", "{0E1831DC-454C-4997-B23C-C61507D53D5E}"
EndProject
Project("{FAE04EC0-301F-11D3-BF4B-00C04F79EFBC}") = "InvoicePI.Domain", "InvoicePI.Domain\InvoicePI.Domain.csproj", "{BADA7A17-8446-4CB0-B004-0C5ABAD96DD9}"
EndProject
Project("{FAE04EC0-301F-11D3-BF4B-00C04F79EFBC}") = "InvoicePI.Infrastructure", "InvoicePI.Infrastructure\InvoicePI.Infrastructure.csproj", "{C96E6A35-38E7-405C-9050-1C9A940F5116}"
EndProject
Project("{FAE04EC0-301F-11D3-BF4B-00C04F79EFBC}") = "InvoicePI.Application", "InvoicePI.Application\InvoicePI.Application.csproj", "{9DE1D72F-359D-47DE-B5F1-CC7643FF178D}"
EndProject
Global
	GlobalSection(SolutionConfigurationPlatforms) = preSolution
		Debug|Any CPU = Debug|Any CPU
		Release|Any CPU = Release|Any CPU
	EndGlobalSection
	GlobalSection(ProjectConfigurationPlatforms) = postSolution
		{94FDF8E0-B98F-4FAA-894D-D78B0DF1F7F1}.Debug|Any CPU.ActiveCfg = Debug|Any CPU
		{94FDF8E0-B98F-4FAA-894D-D78B0DF1F7F1}.Debug|Any CPU.Build.0 = Debug|Any CPU
		{94FDF8E0-B98F-4FAA-894D-D78B0DF1F7F1}.Release|Any CPU.ActiveCfg = Release|Any CPU
		{94FDF8E0-B98F-4FAA-894D-D78B0DF1F7F1}.Release|Any CPU.Build.0 = Release|Any CPU
		{BADA7A17-8446-4CB0-B004-0C5ABAD96DD9}.Debug|Any CPU.ActiveCfg = Debug|Any CPU
		{BADA7A17-8446-4CB0-B004-0C5ABAD96DD9}.Debug|Any CPU.Build.0 = Debug|Any CPU
		{BADA7A17-8446-4CB0-B004-0C5ABAD96DD9}.Release|Any CPU.ActiveCfg = Release|Any CPU
		{BADA7A17-8446-4CB0-B004-0C5ABAD96DD9}.Release|Any CPU.Build.0 = Release|Any CPU
		{C96E6A35-38E7-405C-9050-1C9A940F5116}.Debug|Any CPU.ActiveCfg = Debug|Any CPU
		{C96E6A35-38E7-405C-9050-1C9A940F5116}.Debug|Any CPU.Build.0 = Debug|Any CPU
		{C96E6A35-38E7-405C-9050-1C9A940F5116}.Release|Any CPU.ActiveCfg = Release|Any CPU
		{C96E6A35-38E7-405C-9050-1C9A940F5116}.Release|Any CPU.Build.0 = Release|Any CPU
		{9DE1D72F-359D-47DE-B5F1-CC7643FF178D}.Debug|Any CPU.ActiveCfg = Debug|Any CPU
		{9DE1D72F-359D-47DE-B5F1-CC7643FF178D}.Debug|Any CPU.Build.0 = Debug|Any CPU
		{9DE1D72F-359D-47DE-B5F1-CC7643FF178D}.Release|Any CPU.ActiveCfg = Release|Any CPU
		{9DE1D72F-359D-47DE-B5F1-CC7643FF178D}.Release|Any CPU.Build.0 = Release|Any CPU
	EndGlobalSection
	GlobalSection(SolutionProperties) = preSolution
		HideSolutionNode = FALSE
	EndGlobalSection
	GlobalSection(NestedProjects) = preSolution
		{94FDF8E0-B98F-4FAA-894D-D78B0DF1F7F1} = {0E1831DC-454C-4997-B23C-C61507D53D5E}
		{BADA7A17-8446-4CB0-B004-0C5ABAD96DD9} = {0E1831DC-454C-4997-B23C-C61507D53D5E}
		{C96E6A35-38E7-405C-9050-1C9A940F5116} = {0E1831DC-454C-4997-B23C-C61507D53D5E}
		{9DE1D72F-359D-47DE-B5F1-CC7643FF178D} = {0E1831DC-454C-4997-B23C-C61507D53D5E}
	EndGlobalSection
	GlobalSection(ExtensibilityGlobals) = postSolution
		SolutionGuid = {C399FF78-6FE7-4352-AC0F-753608AF0C16}
	EndGlobalSection
EndGlobal
